
Microsoft Visual Studio Solution File, Format Version 12.00
# Visual Studio 14
VisualStudioVersion = 14.0.24720.0
MinimumVisualStudioVersion = 10.0.40219.1
Project("{8BC9CEB8-8B4A-11D0-8D11-00A0C91BC942}") = "Otherwise", "Otherwise\Otherwise.vcxproj", "{3065FF33-B069-48E5-9BBE-E6AD76B01E11}"
EndProject
Project("{8BC9CEB8-8B4A-11D0-8D11-00A0C91BC942}") = "TestingApplication", "TestingApplication\TestingApplication.vcxproj", "{A4738293-C97D-4EDF-915B-17009AA914F5}"
EndProject
Global
	GlobalSection(SolutionConfigurationPlatforms) = preSolution
		Debug|x64 = Debug|x64
		Debug|x86 = Debug|x86
		Release|x64 = Release|x64
		Release|x86 = Release|x86
	EndGlobalSection
	GlobalSection(ProjectConfigurationPlatforms) = postSolution
		{3065FF33-B069-48E5-9BBE-E6AD76B01E11}.Debug|x64.ActiveCfg = Debug|x64
		{3065FF33-B069-48E5-9BBE-E6AD76B01E11}.Debug|x64.Build.0 = Debug|x64
		{3065FF33-B069-48E5-9BBE-E6AD76B01E11}.Debug|x86.ActiveCfg = Debug|Win32
		{3065FF33-B069-48E5-9BBE-E6AD76B01E11}.Debug|x86.Build.0 = Debug|Win32
		{3065FF33-B069-48E5-9BBE-E6AD76B01E11}.Release|x64.ActiveCfg = Release|x64
		{3065FF33-B069-48E5-9BBE-E6AD76B01E11}.Release|x64.Build.0 = Release|x64
		{3065FF33-B069-48E5-9BBE-E6AD76B01E11}.Release|x86.ActiveCfg = Release|Win32
		{3065FF33-B069-48E5-9BBE-E6AD76B01E11}.Release|x86.Build.0 = Release|Win32
		{A4738293-C97D-4EDF-915B-17009AA914F5}.Debug|x64.ActiveCfg = Debug|x64
		{A4738293-C97D-4EDF-915B-17009AA914F5}.Debug|x64.Build.0 = Debug|x64
		{A4738293-C97D-4EDF-915B-17009AA914F5}.Debug|x86.ActiveCfg = Debug|Win32
		{A4738293-C97D-4EDF-915B-17009AA914F5}.Debug|x86.Build.0 = Debug|Win32
		{A4738293-C97D-4EDF-915B-17009AA914F5}.Release|x64.ActiveCfg = Release|x64
		{A4738293-C97D-4EDF-915B-17009AA914F5}.Release|x64.Build.0 = Release|x64
		{A4738293-C97D-4EDF-915B-17009AA914F5}.Release|x86.ActiveCfg = Release|Win32
		{A4738293-C97D-4EDF-915B-17009AA914F5}.Release|x86.Build.0 = Release|Win32
	EndGlobalSection
	GlobalSection(SolutionProperties) = preSolution
		HideSolutionNode = FALSE
	EndGlobalSection
EndGlobal
