<?xml version="1.0" encoding="utf-8"?>
<Project ToolsVersion="4.0" xmlns="http://schemas.microsoft.com/developer/msbuild/2003">
  <ItemGroup>
    <Filter Include="Source Files">
      <UniqueIdentifier>{4FC737F1-C7A5-4376-A066-2A32D752A2FF}</UniqueIdentifier>
      <Extensions>cpp;c;cc;cxx;def;odl;idl;hpj;bat;asm;asmx</Extensions>
    </Filter>
    <Filter Include="Header Files">
      <UniqueIdentifier>{93995380-89BD-4b04-88EB-625FBE52EBFB}</UniqueIdentifier>
      <Extensions>h;hh;hpp;hxx;hm;inl;inc;xsd</Extensions>
    </Filter>
    <Filter Include="Resource Files">
      <UniqueIdentifier>{67DA6AB6-F800-4c08-8B7A-83BB121AAD01}</UniqueIdentifier>
      <Extensions>rc;ico;cur;bmp;dlg;rc2;rct;bin;rgs;gif;jpg;jpeg;jpe;resx;tiff;tif;png;wav;mfcribbon-ms</Extensions>
    </Filter>
    <Filter Include="Source Files\GameStates">
      <UniqueIdentifier>{2be1622a-555b-4179-af22-0a70da2aaa61}</UniqueIdentifier>
    </Filter>
    <Filter Include="Source Files\Characters">
      <UniqueIdentifier>{85a6dbaf-89be-45ec-947c-c373948d7e7b}</UniqueIdentifier>
    </Filter>
    <Filter Include="Source Files\Player">
      <UniqueIdentifier>{56647872-565a-46db-ad95-60baa31e1a94}</UniqueIdentifier>
    </Filter>
    <Filter Include="Source Files\Items">
      <UniqueIdentifier>{e71d2e49-bb07-4796-8ad0-aa9094d38e8c}</UniqueIdentifier>
    </Filter>
    <Filter Include="Source Files\PlayArea">
      <UniqueIdentifier>{8a6b2414-9a72-45d9-8542-da82d8e41221}</UniqueIdentifier>
    </Filter>
  </ItemGroup>
  <ItemGroup>
    <ClCompile Include="main.cpp">
      <Filter>Source Files</Filter>
    </ClCompile>
    <ClCompile Include="TowerDefence.cpp">
      <Filter>Source Files\GameStates</Filter>
    </ClCompile>
    <ClCompile Include="Agent.cpp">
      <Filter>Source Files\Characters</Filter>
    </ClCompile>
    <ClCompile Include="Animal.cpp">
      <Filter>Source Files\Characters</Filter>
    </ClCompile>
    <ClCompile Include="Human.cpp">
      <Filter>Source Files\Characters</Filter>
    </ClCompile>
    <ClCompile Include="SentientRace.cpp">
      <Filter>Source Files\Characters</Filter>
    </ClCompile>
    <ClCompile Include="Zombie.cpp">
      <Filter>Source Files\Characters</Filter>
    </ClCompile>
    <ClCompile Include="Player.cpp">
      <Filter>Source Files\Player</Filter>
    </ClCompile>
    <ClCompile Include="MapEdit.cpp">
      <Filter>Source Files\GameStates</Filter>
    </ClCompile>
    <ClCompile Include="Bullet.cpp">
      <Filter>Source Files\Items</Filter>
    </ClCompile>
    <ClCompile Include="Gun.cpp">
      <Filter>Source Files\Items</Filter>
    </ClCompile>
    <ClCompile Include="Level.cpp">
      <Filter>Source Files\PlayArea</Filter>
    </ClCompile>
    <ClCompile Include="MainMenu.cpp">
      <Filter>Source Files\GameStates</Filter>
    </ClCompile>
    <ClCompile Include="SightLines.cpp">
      <Filter>Source Files</Filter>
    </ClCompile>
    <ClCompile Include="Weapon.cpp">
      <Filter>Source Files\Items</Filter>
    </ClCompile>
    <ClCompile Include="Ammo.cpp">
      <Filter>Source Files\Items</Filter>
    </ClCompile>
    <ClCompile Include="Bow.cpp">
      <Filter>Source Files\Items</Filter>
    </ClCompile>
    <ClCompile Include="Sword.cpp">
      <Filter>Source Files\Items</Filter>
    </ClCompile>
    <ClCompile Include="Arrow.cpp">
      <Filter>Source Files\Items</Filter>
    </ClCompile>
    <ClCompile Include="Spear.cpp">
      <Filter>Source Files\Items</Filter>
    </ClCompile>
  </ItemGroup>
  <ItemGroup>
    <ClInclude Include="TowerDefence.h">
      <Filter>Source Files\GameStates</Filter>
    </ClInclude>
    <ClInclude Include="Agent.h">
      <Filter>Source Files\Characters</Filter>
    </ClInclude>
    <ClInclude Include="Animal.h">
      <Filter>Source Files\Characters</Filter>
    </ClInclude>
    <ClInclude Include="Human.h">
      <Filter>Source Files\Characters</Filter>
    </ClInclude>
    <ClInclude Include="SentientRace.h">
      <Filter>Source Files\Characters</Filter>
    </ClInclude>
    <ClInclude Include="Zombie.h">
      <Filter>Source Files\Characters</Filter>
    </ClInclude>
    <ClInclude Include="Player.h">
      <Filter>Source Files\Player</Filter>
    </ClInclude>
    <ClInclude Include="MapEdit.h">
      <Filter>Source Files\GameStates</Filter>
    </ClInclude>
    <ClInclude Include="Bullet.h">
      <Filter>Source Files\Items</Filter>
    </ClInclude>
    <ClInclude Include="Gun.h">
      <Filter>Source Files\Items</Filter>
    </ClInclude>
    <ClInclude Include="Level.h">
      <Filter>Source Files\PlayArea</Filter>
    </ClInclude>
    <ClInclude Include="MainMenu.h">
      <Filter>Source Files\GameStates</Filter>
    </ClInclude>
    <ClInclude Include="global.h">
      <Filter>Source Files</Filter>
    </ClInclude>
    <ClInclude Include="SightLines.h">
      <Filter>Source Files</Filter>
    </ClInclude>
    <ClInclude Include="Weapon.h">
      <Filter>Source Files\Items</Filter>
    </ClInclude>
    <ClInclude Include="Sword.h">
      <Filter>Source Files\Items</Filter>
    </ClInclude>
    <ClInclude Include="Ammo.h">
      <Filter>Source Files\Items</Filter>
    </ClInclude>
    <ClInclude Include="Bow.h">
      <Filter>Source Files\Items</Filter>
    </ClInclude>
    <ClInclude Include="Spear.h">
      <Filter>Source Files\Items</Filter>
    </ClInclude>
    <ClInclude Include="Arrow.h">
      <Filter>Source Files\Items</Filter>
    </ClInclude>
  </ItemGroup>
  <ItemGroup>
    <Text Include="Levels\level1.txt">
      <Filter>Resource Files</Filter>
    </Text>
    <Text Include="Levels\levelDir.txt">
      <Filter>Resource Files</Filter>
    </Text>
    <Text Include="MapModules\tileDir.txt">
      <Filter>Resource Files</Filter>
    </Text>
    <Text Include="MapModules\moduleDir.txt">
      <Filter>Resource Files</Filter>
    </Text>
    <Text Include="MapModules\tower1.txt">
      <Filter>Resource Files</Filter>
    </Text>
    <Text Include="Levels\towerDefenceMap.txt">
      <Filter>Resource Files</Filter>
    </Text>
    <Text Include="Levels\tileNotes.txt">
      <Filter>Resource Files</Filter>
    </Text>
  </ItemGroup>
</Project>